{
  "name": "disk_money",
  "lockfileVersion": 3,
  "requires": true,
  "packages": {
    "": {
      "dependencies": {
        "vue-radial-progress": "^0.3.2"
      }
    },
    "node_modules/vue-radial-progress": {
      "version": "0.3.2",
      "resolved": "https://registry.npmmirror.com/vue-radial-progress/-/vue-radial-progress-0.3.2.tgz",
      "integrity": "sha512-F4eA9IFqoY5ZPBJNsqIu3C8J6TQ/5aQxUOAy+6wjVOvK+ljjs/8g8gUpy5CE2/THDH68+avwqov3ibaG1AyZSQ=="
    }
  }
}
